
Microsoft Visual Studio Solution File, Format Version 11.00
# Visual Studio 2010
Project("{FAE04EC0-301F-11D3-BF4B-00C04F79EFBC}") = "NoiseCalculator", "NoiseCalculator\NoiseCalculator.csproj", "{BFE880A0-5914-4B91-85CD-7D3CD0425B4C}"
EndProject
Global
	GlobalSection(TeamFoundationVersionControl) = preSolution
		SccNumberOfProjects = 2
		SccEnterpriseProvider = {4CA58AB2-18FA-4F8D-95D4-32DDF27D184C}
		SccTeamFoundationServer = http://cdtfs:8080/tfs2005
		SccLocalPath0 = .
		SccProjectUniqueName1 = NoiseCalculator\\NoiseCalculator.csproj
		SccProjectName1 = NoiseCalculator
		SccLocalPath1 = NoiseCalculator
	EndGlobalSection
	GlobalSection(SolutionConfigurationPlatforms) = preSolution
		Debug|Any CPU = Debug|Any CPU
		Release|Any CPU = Release|Any CPU
	EndGlobalSection
	GlobalSection(ProjectConfigurationPlatforms) = postSolution
		{BFE880A0-5914-4B91-85CD-7D3CD0425B4C}.Debug|Any CPU.ActiveCfg = Debug|Any CPU
		{BFE880A0-5914-4B91-85CD-7D3CD0425B4C}.Debug|Any CPU.Build.0 = Debug|Any CPU
		{BFE880A0-5914-4B91-85CD-7D3CD0425B4C}.Release|Any CPU.ActiveCfg = Release|Any CPU
		{BFE880A0-5914-4B91-85CD-7D3CD0425B4C}.Release|Any CPU.Build.0 = Release|Any CPU
	EndGlobalSection
	GlobalSection(SolutionProperties) = preSolution
		HideSolutionNode = FALSE
	EndGlobalSection
EndGlobal
